
Microsoft Visual Studio Solution File, Format Version 12.00
# Visual Studio Version 17
VisualStudioVersion = 17.1.32210.238
MinimumVisualStudioVersion = 10.0.40219.1
Project("{FAE04EC0-301F-11D3-BF4B-00C04F79EFBC}") = "WorkWithClass", "WorkWithClass\WorkWithClass.csproj", "{90EC2CD6-2F4B-4509-B901-959A166BA94F}"
EndProject
Global
	GlobalSection(SolutionConfigurationPlatforms) = preSolution
		Debug|Any CPU = Debug|Any CPU
		Release|Any CPU = Release|Any CPU
	EndGlobalSection
	GlobalSection(ProjectConfigurationPlatforms) = postSolution
		{90EC2CD6-2F4B-4509-B901-959A166BA94F}.Debug|Any CPU.ActiveCfg = Debug|Any CPU
		{90EC2CD6-2F4B-4509-B901-959A166BA94F}.Debug|Any CPU.Build.0 = Debug|Any CPU
		{90EC2CD6-2F4B-4509-B901-959A166BA94F}.Release|Any CPU.ActiveCfg = Release|Any CPU
		{90EC2CD6-2F4B-4509-B901-959A166BA94F}.Release|Any CPU.Build.0 = Release|Any CPU
	EndGlobalSection
	GlobalSection(SolutionProperties) = preSolution
		HideSolutionNode = FALSE
	EndGlobalSection
	GlobalSection(ExtensibilityGlobals) = postSolution
		SolutionGuid = {8196FACD-C548-4721-BEE6-FE0DE04523FC}
	EndGlobalSection
EndGlobal
